
Microsoft Visual Studio Solution File, Format Version 12.00
# Visual Studio Version 16
VisualStudioVersion = 16.0.29920.165
MinimumVisualStudioVersion = 10.0.40219.1
Project("{FAE04EC0-301F-11D3-BF4B-00C04F79EFBC}") = "CapaPresentacion", "CapaPresentacion\CapaPresentacion.csproj", "{AEC38B9A-A114-4F32-9094-0CFA02ECBFB3}"
EndProject
Project("{FAE04EC0-301F-11D3-BF4B-00C04F79EFBC}") = "CapaEntidades", "CapaEntidades\CapaEntidades.csproj", "{D16DF4E9-6EF0-48CD-8D5A-63AAB580AA65}"
EndProject
Project("{FAE04EC0-301F-11D3-BF4B-00C04F79EFBC}") = "CapaDatos", "CapaDatos\CapaDatos.csproj", "{51A3619C-308C-4C9D-B413-EEA044ECDF71}"
EndProject
Project("{FAE04EC0-301F-11D3-BF4B-00C04F79EFBC}") = "CapaNegocio", "CapaNegocio\CapaNegocio.csproj", "{B474BBF5-DDE6-41AB-9085-9E22A75D1944}"
EndProject
Global
	GlobalSection(SolutionConfigurationPlatforms) = preSolution
		Debug|Any CPU = Debug|Any CPU
		Release|Any CPU = Release|Any CPU
	EndGlobalSection
	GlobalSection(ProjectConfigurationPlatforms) = postSolution
		{AEC38B9A-A114-4F32-9094-0CFA02ECBFB3}.Debug|Any CPU.ActiveCfg = Debug|Any CPU
		{AEC38B9A-A114-4F32-9094-0CFA02ECBFB3}.Debug|Any CPU.Build.0 = Debug|Any CPU
		{AEC38B9A-A114-4F32-9094-0CFA02ECBFB3}.Release|Any CPU.ActiveCfg = Release|Any CPU
		{AEC38B9A-A114-4F32-9094-0CFA02ECBFB3}.Release|Any CPU.Build.0 = Release|Any CPU
		{D16DF4E9-6EF0-48CD-8D5A-63AAB580AA65}.Debug|Any CPU.ActiveCfg = Debug|Any CPU
		{D16DF4E9-6EF0-48CD-8D5A-63AAB580AA65}.Debug|Any CPU.Build.0 = Debug|Any CPU
		{D16DF4E9-6EF0-48CD-8D5A-63AAB580AA65}.Release|Any CPU.ActiveCfg = Release|Any CPU
		{D16DF4E9-6EF0-48CD-8D5A-63AAB580AA65}.Release|Any CPU.Build.0 = Release|Any CPU
		{51A3619C-308C-4C9D-B413-EEA044ECDF71}.Debug|Any CPU.ActiveCfg = Debug|Any CPU
		{51A3619C-308C-4C9D-B413-EEA044ECDF71}.Debug|Any CPU.Build.0 = Debug|Any CPU
		{51A3619C-308C-4C9D-B413-EEA044ECDF71}.Release|Any CPU.ActiveCfg = Release|Any CPU
		{51A3619C-308C-4C9D-B413-EEA044ECDF71}.Release|Any CPU.Build.0 = Release|Any CPU
		{B474BBF5-DDE6-41AB-9085-9E22A75D1944}.Debug|Any CPU.ActiveCfg = Debug|Any CPU
		{B474BBF5-DDE6-41AB-9085-9E22A75D1944}.Debug|Any CPU.Build.0 = Debug|Any CPU
		{B474BBF5-DDE6-41AB-9085-9E22A75D1944}.Release|Any CPU.ActiveCfg = Release|Any CPU
		{B474BBF5-DDE6-41AB-9085-9E22A75D1944}.Release|Any CPU.Build.0 = Release|Any CPU
	EndGlobalSection
	GlobalSection(SolutionProperties) = preSolution
		HideSolutionNode = FALSE
	EndGlobalSection
	GlobalSection(ExtensibilityGlobals) = postSolution
		SolutionGuid = {2A5BD907-70E9-41E7-BB7F-1BE43B6D5D8F}
	EndGlobalSection
EndGlobal
